
Microsoft Visual Studio Solution File, Format Version 11.00
# Visual Studio 2010
Project("{FAE04EC0-301F-11D3-BF4B-00C04F79EFBC}") = "Anki Decks Generator", "Anki Decks Generator\Anki Decks Generator.csproj", "{D496491E-3A9C-44DA-8F72-B00EB6D48D84}"
EndProject
Global
	GlobalSection(SolutionConfigurationPlatforms) = preSolution
		Debug|x86 = Debug|x86
		Release|x86 = Release|x86
	EndGlobalSection
	GlobalSection(ProjectConfigurationPlatforms) = postSolution
		{D496491E-3A9C-44DA-8F72-B00EB6D48D84}.Debug|x86.ActiveCfg = Debug|x86
		{D496491E-3A9C-44DA-8F72-B00EB6D48D84}.Debug|x86.Build.0 = Debug|x86
		{D496491E-3A9C-44DA-8F72-B00EB6D48D84}.Release|x86.ActiveCfg = Release|x86
		{D496491E-3A9C-44DA-8F72-B00EB6D48D84}.Release|x86.Build.0 = Release|x86
	EndGlobalSection
	GlobalSection(SolutionProperties) = preSolution
		HideSolutionNode = FALSE
	EndGlobalSection
EndGlobal
